
Microsoft Visual Studio Solution File, Format Version 12.00
# Visual Studio Version 17
VisualStudioVersion = 17.14.36518.9
MinimumVisualStudioVersion = 10.0.40219.1
Project("{FAE04EC0-301F-11D3-BF4B-00C04F79EFBC}") = "FloraEngine", "Engine\FloraEngine.csproj", "{C2EA6EB7-D1EB-5366-0816-FFA32F782EB3}"
EndProject
Global
	GlobalSection(SolutionConfigurationPlatforms) = preSolution
		Debug|Any CPU = Debug|Any CPU
		Release|Any CPU = Release|Any CPU
	EndGlobalSection
	GlobalSection(ProjectConfigurationPlatforms) = postSolution
		{C2EA6EB7-D1EB-5366-0816-FFA32F782EB3}.Debug|Any CPU.ActiveCfg = Debug|Any CPU
		{C2EA6EB7-D1EB-5366-0816-FFA32F782EB3}.Debug|Any CPU.Build.0 = Debug|Any CPU
		{C2EA6EB7-D1EB-5366-0816-FFA32F782EB3}.Release|Any CPU.ActiveCfg = Release|Any CPU
		{C2EA6EB7-D1EB-5366-0816-FFA32F782EB3}.Release|Any CPU.Build.0 = Release|Any CPU
	EndGlobalSection
	GlobalSection(SolutionProperties) = preSolution
		HideSolutionNode = FALSE
	EndGlobalSection
	GlobalSection(ExtensibilityGlobals) = postSolution
		SolutionGuid = {59DE17AD-70F9-41A8-B12F-CAA5D54C7CCF}
	EndGlobalSection
EndGlobal
